Microsoft Visual Studio Solution File, Format Version 12.00
# Visual Studio Version 17
VisualStudioVersion = 17.2.32516.85
MinimumVisualStudioVersion = 10.0.40219.1
Project("{9A19103F-16F7-4668-BE54-9A1E7A4F7556}") = "UnityUtil", "UnityUtil\UnityUtil.csproj", "{567FE3BC-52EE-4BF6-92BE-A356F8F08DBE}"
EndProject
Project("{9A19103F-16F7-4668-BE54-9A1E7A4F7556}") = "UnityUtil.Editor", "UnityUtil.Editor\UnityUtil.Editor.csproj", "{A87CA533-A845-4EA8-AE61-A3C9C99B0C63}"
EndProject
Project("{2150E333-8FDC-42A3-9474-1A3956D46DE8}") = "Solution Items", "Solution Items", "{0F66D08B-7775-46C2-80DE-A24FA57037B1}"
	ProjectSection(SolutionItems) = preProject
		..\.gitattributes = ..\.gitattributes
		..\.gitignore = ..\.gitignore
		Directory.Build.props = Directory.Build.props
		Directory.Build.targets = Directory.Build.targets
		..\LICENSE.md = ..\LICENSE.md
		Logging.props = Logging.props
		OtherUnityAssemblies.props = OtherUnityAssemblies.props
		..\README.md = ..\README.md
	EndProjectSection
EndProject
Project("{2150E333-8FDC-42A3-9474-1A3956D46DE8}") = "Tests", "Tests", "{8B1B879E-5692-4B6B-979A-42E0D2C1BD29}"
	ProjectSection(SolutionItems) = preProject
		Tests\Directory.Build.props = Tests\Directory.Build.props
	EndProjectSection
EndProject
Project("{9A19103F-16F7-4668-BE54-9A1E7A4F7556}") = "UnityUtil.Tests", "Tests\Runtime\UnityUtil.Tests.csproj", "{7A19D1B9-3D19-4EB2-9BEB-ACFDD07CA491}"
EndProject
Project("{9A19103F-16F7-4668-BE54-9A1E7A4F7556}") = "UnityUtil.Editor.Tests", "Tests\Editor\UnityUtil.Editor.Tests.csproj", "{8BE7D883-0895-49E6-AAC1-9BA109E108AD}"
EndProject
Project("{9A19103F-16F7-4668-BE54-9A1E7A4F7556}") = "Serilog.Enrichers.Unity", "Serilog.Enrichers.Unity\Serilog.Enrichers.Unity.csproj", "{C5B11C0A-C75E-4904-9987-3EA11FAEC8E8}"
EndProject
Project("{9A19103F-16F7-4668-BE54-9A1E7A4F7556}") = "UnityUtil.Configuration.RemoteConfig", "UnityUtil.Configuration.RemoteConfig\UnityUtil.Configuration.RemoteConfig.csproj", "{83CC6E71-4DBF-42C8-8DA1-DEA30707E4F1}"
EndProject
Global
	GlobalSection(SolutionConfigurationPlatforms) = preSolution
		Debug|Any CPU = Debug|Any CPU
		Release|Any CPU = Release|Any CPU
	EndGlobalSection
	GlobalSection(ProjectConfigurationPlatforms) = postSolution
		{567FE3BC-52EE-4BF6-92BE-A356F8F08DBE}.Debug|Any CPU.ActiveCfg = Debug|Any CPU
		{567FE3BC-52EE-4BF6-92BE-A356F8F08DBE}.Debug|Any CPU.Build.0 = Debug|Any CPU
		{567FE3BC-52EE-4BF6-92BE-A356F8F08DBE}.Release|Any CPU.ActiveCfg = Release|Any CPU
		{567FE3BC-52EE-4BF6-92BE-A356F8F08DBE}.Release|Any CPU.Build.0 = Release|Any CPU
		{A87CA533-A845-4EA8-AE61-A3C9C99B0C63}.Debug|Any CPU.ActiveCfg = Debug|Any CPU
		{A87CA533-A845-4EA8-AE61-A3C9C99B0C63}.Debug|Any CPU.Build.0 = Debug|Any CPU
		{A87CA533-A845-4EA8-AE61-A3C9C99B0C63}.Release|Any CPU.ActiveCfg = Release|Any CPU
		{A87CA533-A845-4EA8-AE61-A3C9C99B0C63}.Release|Any CPU.Build.0 = Release|Any CPU
		{7A19D1B9-3D19-4EB2-9BEB-ACFDD07CA491}.Debug|Any CPU.ActiveCfg = Debug|Any CPU
		{7A19D1B9-3D19-4EB2-9BEB-ACFDD07CA491}.Release|Any CPU.ActiveCfg = Release|Any CPU
		{8BE7D883-0895-49E6-AAC1-9BA109E108AD}.Debug|Any CPU.ActiveCfg = Debug|Any CPU
		{8BE7D883-0895-49E6-AAC1-9BA109E108AD}.Release|Any CPU.ActiveCfg = Release|Any CPU
		{C5B11C0A-C75E-4904-9987-3EA11FAEC8E8}.Debug|Any CPU.ActiveCfg = Debug|Any CPU
		{C5B11C0A-C75E-4904-9987-3EA11FAEC8E8}.Debug|Any CPU.Build.0 = Debug|Any CPU
		{C5B11C0A-C75E-4904-9987-3EA11FAEC8E8}.Release|Any CPU.ActiveCfg = Release|Any CPU
		{C5B11C0A-C75E-4904-9987-3EA11FAEC8E8}.Release|Any CPU.Build.0 = Release|Any CPU
		{83CC6E71-4DBF-42C8-8DA1-DEA30707E4F1}.Debug|Any CPU.ActiveCfg = Debug|Any CPU
		{83CC6E71-4DBF-42C8-8DA1-DEA30707E4F1}.Debug|Any CPU.Build.0 = Debug|Any CPU
		{83CC6E71-4DBF-42C8-8DA1-DEA30707E4F1}.Release|Any CPU.ActiveCfg = Release|Any CPU
		{83CC6E71-4DBF-42C8-8DA1-DEA30707E4F1}.Release|Any CPU.Build.0 = Release|Any CPU
	EndGlobalSection
	GlobalSection(SolutionProperties) = preSolution
		HideSolutionNode = FALSE
	EndGlobalSection
	GlobalSection(NestedProjects) = preSolution
		{7A19D1B9-3D19-4EB2-9BEB-ACFDD07CA491} = {8B1B879E-5692-4B6B-979A-42E0D2C1BD29}
		{8BE7D883-0895-49E6-AAC1-9BA109E108AD} = {8B1B879E-5692-4B6B-979A-42E0D2C1BD29}
	EndGlobalSection
	GlobalSection(ExtensibilityGlobals) = postSolution
		SolutionGuid = {A909A0B3-E6EC-4825-98D8-E36088C6B9CB}
	EndGlobalSection
EndGlobal
