Microsoft Visual Studio Solution File, Format Version 12.00
# Visual Studio Version 17
VisualStudioVersion = 17.2.32516.85
MinimumVisualStudioVersion = 10.0.40219.1
Project("{9A19103F-16F7-4668-BE54-9A1E7A4F7556}") = "UnityUtil", "UnityUtil\UnityUtil.csproj", "{567FE3BC-52EE-4BF6-92BE-A356F8F08DBE}"
EndProject
Project("{9A19103F-16F7-4668-BE54-9A1E7A4F7556}") = "UnityUtil.Editor", "UnityUtil.Editor\UnityUtil.Editor.csproj", "{A87CA533-A845-4EA8-AE61-A3C9C99B0C63}"
EndProject
Project("{2150E333-8FDC-42A3-9474-1A3956D46DE8}") = "Solution Items", "Solution Items", "{0F66D08B-7775-46C2-80DE-A24FA57037B1}"
	ProjectSection(SolutionItems) = preProject
		..\.gitattributes = ..\.gitattributes
		..\.gitignore = ..\.gitignore
		Directory.Build.props = Directory.Build.props
		Directory.Build.targets = Directory.Build.targets
		..\LICENSE.md = ..\LICENSE.md
		Logging.props = Logging.props
		..\README.md = ..\README.md
	EndProjectSection
EndProject
Project("{2150E333-8FDC-42A3-9474-1A3956D46DE8}") = "Tests", "Tests", "{8B1B879E-5692-4B6B-979A-42E0D2C1BD29}"
	ProjectSection(SolutionItems) = preProject
		Tests\Directory.Build.props = Tests\Directory.Build.props
	EndProjectSection
EndProject
Project("{9A19103F-16F7-4668-BE54-9A1E7A4F7556}") = "Serilog.Enrichers.Unity", "Serilog.Enrichers.Unity\Serilog.Enrichers.Unity.csproj", "{C5B11C0A-C75E-4904-9987-3EA11FAEC8E8}"
EndProject
Project("{9A19103F-16F7-4668-BE54-9A1E7A4F7556}") = "UnityUtil.Configuration.RemoteConfig", "UnityUtil.Configuration.RemoteConfig\UnityUtil.Configuration.RemoteConfig.csproj", "{83CC6E71-4DBF-42C8-8DA1-DEA30707E4F1}"
EndProject
Project("{9A19103F-16F7-4668-BE54-9A1E7A4F7556}") = "UnityUtil.Inputs", "UnityUtil.Inputs\UnityUtil.Inputs.csproj", "{77670668-1E1F-4202-A235-CEEC37134EBB}"
EndProject
Project("{9A19103F-16F7-4668-BE54-9A1E7A4F7556}") = "UnityUtil.Interactors", "UnityUtil.Interactors\UnityUtil.Interactors.csproj", "{C2D6CFBA-A2FA-412C-ABA1-4A8D41F15CB8}"
EndProject
Project("{9A19103F-16F7-4668-BE54-9A1E7A4F7556}") = "UnityUtil.Inventory", "UnityUtil.Inventory\UnityUtil.Inventory.csproj", "{85F3BA8A-3AD1-498E-9B59-1BCAD3763A3F}"
EndProject
Project("{9A19103F-16F7-4668-BE54-9A1E7A4F7556}") = "UnityUtil.Movement", "UnityUtil.Movement\UnityUtil.Movement.csproj", "{C32592EB-9329-41C7-BFB2-E99A1C9E602F}"
EndProject
Project("{9A19103F-16F7-4668-BE54-9A1E7A4F7556}") = "UnityUtil.Physics", "UnityUtil.Physics\UnityUtil.Physics.csproj", "{A483630A-2072-4FC4-90E7-175E392D768C}"
EndProject
Project("{9A19103F-16F7-4668-BE54-9A1E7A4F7556}") = "UnityUtil.Physics2D", "UnityUtil.Physics2D\UnityUtil.Physics2D.csproj", "{B1C2CECB-2231-4F4F-9F77-DAF937A8B089}"
EndProject
Project("{9A19103F-16F7-4668-BE54-9A1E7A4F7556}") = "UnityUtil.Legal", "UnityUtil.Legal\UnityUtil.Legal.csproj", "{B2282EB9-4791-41A0-BE59-817A7B83397B}"
EndProject
Project("{9A19103F-16F7-4668-BE54-9A1E7A4F7556}") = "UnityUtil.Triggers", "UnityUtil.Triggers\UnityUtil.Triggers.csproj", "{CF24FC51-45ED-4864-81EA-B2F0827261B5}"
EndProject
Project("{9A19103F-16F7-4668-BE54-9A1E7A4F7556}") = "UnityUtil.UI", "UnityUtil.UI\UnityUtil.UI.csproj", "{36592F81-95F5-4DEF-941E-6AA8F8EB7675}"
EndProject
Project("{2150E333-8FDC-42A3-9474-1A3956D46DE8}") = "Editor", "Editor", "{E98B0A74-5D14-433A-B71B-DD6AA1F623DC}"
	ProjectSection(SolutionItems) = preProject
		Tests\Editor\Directory.Build.props = Tests\Editor\Directory.Build.props
	EndProjectSection
EndProject
Project("{2150E333-8FDC-42A3-9474-1A3956D46DE8}") = "Runtime", "Runtime", "{F701BC38-B2AD-44D2-8A4E-3D749D07A56E}"
	ProjectSection(SolutionItems) = preProject
		Tests\Runtime\Directory.Build.props = Tests\Runtime\Directory.Build.props
	EndProjectSection
EndProject
Project("{9A19103F-16F7-4668-BE54-9A1E7A4F7556}") = "UnityUtil.Tests.Util", "Tests\UnityUtil.Tests.Util\UnityUtil.Tests.Util.csproj", "{2079DA4E-990A-4BB0-85B1-334950B4722F}"
EndProject
Project("{9A19103F-16F7-4668-BE54-9A1E7A4F7556}") = "UnityUtil.Triggers.Tests.Runtime", "Tests\Runtime\UnityUtil.Triggers.Tests.Runtime\UnityUtil.Triggers.Tests.Runtime.csproj", "{9D5ABE1F-8696-4220-AC84-31B9D9652A47}"
EndProject
Project("{9A19103F-16F7-4668-BE54-9A1E7A4F7556}") = "UnityUtil.Editor.Tests.Editor", "Tests\Editor\UnityUtil.Editor.Tests.Editor\UnityUtil.Editor.Tests.Editor.csproj", "{C8777646-9AAA-496F-91B2-432AE8AD1445}"
EndProject
Project("{9A19103F-16F7-4668-BE54-9A1E7A4F7556}") = "UnityUtil.Legal.Tests.Editor", "Tests\Editor\UnityUtil.Legal.Tests.Editor\UnityUtil.Legal.Tests.Editor.csproj", "{35892A63-9B77-4163-BB68-D8591918DD0F}"
EndProject
Project("{9A19103F-16F7-4668-BE54-9A1E7A4F7556}") = "UnityUtil.Tests.Editor", "Tests\Editor\UnityUtil.Tests.Editor\UnityUtil.Tests.Editor.csproj", "{C426E448-B0A7-4F39-81ED-379BDC597820}"
EndProject
Project("{9A19103F-16F7-4668-BE54-9A1E7A4F7556}") = "UnityUtil.Triggers.Tests.Editor", "Tests\Editor\UnityUtil.Triggers.Tests.Editor\UnityUtil.Triggers.Tests.Editor.csproj", "{E8FACECB-4463-429F-8DAD-97B58C8C2194}"
EndProject
Project("{9A19103F-16F7-4668-BE54-9A1E7A4F7556}") = "UnityUtil.UI.Tests.Editor", "Tests\Editor\UnityUtil.UI.Tests.Editor\UnityUtil.UI.Tests.Editor.csproj", "{B902B585-D47E-4EBF-9612-53A730C3D975}"
EndProject
Project("{FAE04EC0-301F-11D3-BF4B-00C04F79EFBC}") = "Serilog.Sinks.Unity", "Serilog.Sinks.Unity\Serilog.Sinks.Unity.csproj", "{0EA43E4E-E433-4CD0-8508-4362BF846F94}"
EndProject
Project("{FAE04EC0-301F-11D3-BF4B-00C04F79EFBC}") = "Serilog.Sinks.Unity.Tests.Editor", "Tests\Editor\Serilog.Sinks.Unity.Tests.Editor\Serilog.Sinks.Unity.Tests.Editor.csproj", "{3BD73EA2-D9A1-4479-9397-DC9FD5EA1814}"
EndProject
Project("{FAE04EC0-301F-11D3-BF4B-00C04F79EFBC}") = "Unity.Extensions.Logging", "Unity.Extensions.Logging\Unity.Extensions.Logging.csproj", "{77CF8E9D-086D-3020-899F-DE2D4A8B5E4B}"
EndProject
Project("{FAE04EC0-301F-11D3-BF4B-00C04F79EFBC}") = "Unity.Extensions.Logging.Tests.Editor", "Tests\Editor\Unity.Extensions.Logging.Tests.Editor\Unity.Extensions.Logging.Tests.Editor.csproj", "{902CF3DF-771B-A984-1534-18AC4244F36D}"
EndProject
Global
	GlobalSection(SolutionConfigurationPlatforms) = preSolution
		Debug|Any CPU = Debug|Any CPU
		Release|Any CPU = Release|Any CPU
	EndGlobalSection
	GlobalSection(ProjectConfigurationPlatforms) = postSolution
		{567FE3BC-52EE-4BF6-92BE-A356F8F08DBE}.Debug|Any CPU.ActiveCfg = Debug|Any CPU
		{567FE3BC-52EE-4BF6-92BE-A356F8F08DBE}.Debug|Any CPU.Build.0 = Debug|Any CPU
		{567FE3BC-52EE-4BF6-92BE-A356F8F08DBE}.Release|Any CPU.ActiveCfg = Release|Any CPU
		{567FE3BC-52EE-4BF6-92BE-A356F8F08DBE}.Release|Any CPU.Build.0 = Release|Any CPU
		{A87CA533-A845-4EA8-AE61-A3C9C99B0C63}.Debug|Any CPU.ActiveCfg = Debug|Any CPU
		{A87CA533-A845-4EA8-AE61-A3C9C99B0C63}.Debug|Any CPU.Build.0 = Debug|Any CPU
		{A87CA533-A845-4EA8-AE61-A3C9C99B0C63}.Release|Any CPU.ActiveCfg = Release|Any CPU
		{A87CA533-A845-4EA8-AE61-A3C9C99B0C63}.Release|Any CPU.Build.0 = Release|Any CPU
		{C5B11C0A-C75E-4904-9987-3EA11FAEC8E8}.Debug|Any CPU.ActiveCfg = Debug|Any CPU
		{C5B11C0A-C75E-4904-9987-3EA11FAEC8E8}.Debug|Any CPU.Build.0 = Debug|Any CPU
		{C5B11C0A-C75E-4904-9987-3EA11FAEC8E8}.Release|Any CPU.ActiveCfg = Release|Any CPU
		{C5B11C0A-C75E-4904-9987-3EA11FAEC8E8}.Release|Any CPU.Build.0 = Release|Any CPU
		{83CC6E71-4DBF-42C8-8DA1-DEA30707E4F1}.Debug|Any CPU.ActiveCfg = Debug|Any CPU
		{83CC6E71-4DBF-42C8-8DA1-DEA30707E4F1}.Debug|Any CPU.Build.0 = Debug|Any CPU
		{83CC6E71-4DBF-42C8-8DA1-DEA30707E4F1}.Release|Any CPU.ActiveCfg = Release|Any CPU
		{83CC6E71-4DBF-42C8-8DA1-DEA30707E4F1}.Release|Any CPU.Build.0 = Release|Any CPU
		{77670668-1E1F-4202-A235-CEEC37134EBB}.Debug|Any CPU.ActiveCfg = Debug|Any CPU
		{77670668-1E1F-4202-A235-CEEC37134EBB}.Debug|Any CPU.Build.0 = Debug|Any CPU
		{77670668-1E1F-4202-A235-CEEC37134EBB}.Release|Any CPU.ActiveCfg = Release|Any CPU
		{77670668-1E1F-4202-A235-CEEC37134EBB}.Release|Any CPU.Build.0 = Release|Any CPU
		{C2D6CFBA-A2FA-412C-ABA1-4A8D41F15CB8}.Debug|Any CPU.ActiveCfg = Debug|Any CPU
		{C2D6CFBA-A2FA-412C-ABA1-4A8D41F15CB8}.Debug|Any CPU.Build.0 = Debug|Any CPU
		{C2D6CFBA-A2FA-412C-ABA1-4A8D41F15CB8}.Release|Any CPU.ActiveCfg = Release|Any CPU
		{C2D6CFBA-A2FA-412C-ABA1-4A8D41F15CB8}.Release|Any CPU.Build.0 = Release|Any CPU
		{85F3BA8A-3AD1-498E-9B59-1BCAD3763A3F}.Debug|Any CPU.ActiveCfg = Debug|Any CPU
		{85F3BA8A-3AD1-498E-9B59-1BCAD3763A3F}.Debug|Any CPU.Build.0 = Debug|Any CPU
		{85F3BA8A-3AD1-498E-9B59-1BCAD3763A3F}.Release|Any CPU.ActiveCfg = Release|Any CPU
		{85F3BA8A-3AD1-498E-9B59-1BCAD3763A3F}.Release|Any CPU.Build.0 = Release|Any CPU
		{C32592EB-9329-41C7-BFB2-E99A1C9E602F}.Debug|Any CPU.ActiveCfg = Debug|Any CPU
		{C32592EB-9329-41C7-BFB2-E99A1C9E602F}.Debug|Any CPU.Build.0 = Debug|Any CPU
		{C32592EB-9329-41C7-BFB2-E99A1C9E602F}.Release|Any CPU.ActiveCfg = Release|Any CPU
		{C32592EB-9329-41C7-BFB2-E99A1C9E602F}.Release|Any CPU.Build.0 = Release|Any CPU
		{A483630A-2072-4FC4-90E7-175E392D768C}.Debug|Any CPU.ActiveCfg = Debug|Any CPU
		{A483630A-2072-4FC4-90E7-175E392D768C}.Debug|Any CPU.Build.0 = Debug|Any CPU
		{A483630A-2072-4FC4-90E7-175E392D768C}.Release|Any CPU.ActiveCfg = Release|Any CPU
		{A483630A-2072-4FC4-90E7-175E392D768C}.Release|Any CPU.Build.0 = Release|Any CPU
		{B1C2CECB-2231-4F4F-9F77-DAF937A8B089}.Debug|Any CPU.ActiveCfg = Debug|Any CPU
		{B1C2CECB-2231-4F4F-9F77-DAF937A8B089}.Debug|Any CPU.Build.0 = Debug|Any CPU
		{B1C2CECB-2231-4F4F-9F77-DAF937A8B089}.Release|Any CPU.ActiveCfg = Release|Any CPU
		{B1C2CECB-2231-4F4F-9F77-DAF937A8B089}.Release|Any CPU.Build.0 = Release|Any CPU
		{B2282EB9-4791-41A0-BE59-817A7B83397B}.Debug|Any CPU.ActiveCfg = Debug|Any CPU
		{B2282EB9-4791-41A0-BE59-817A7B83397B}.Debug|Any CPU.Build.0 = Debug|Any CPU
		{B2282EB9-4791-41A0-BE59-817A7B83397B}.Release|Any CPU.ActiveCfg = Release|Any CPU
		{B2282EB9-4791-41A0-BE59-817A7B83397B}.Release|Any CPU.Build.0 = Release|Any CPU
		{CF24FC51-45ED-4864-81EA-B2F0827261B5}.Debug|Any CPU.ActiveCfg = Debug|Any CPU
		{CF24FC51-45ED-4864-81EA-B2F0827261B5}.Debug|Any CPU.Build.0 = Debug|Any CPU
		{CF24FC51-45ED-4864-81EA-B2F0827261B5}.Release|Any CPU.ActiveCfg = Release|Any CPU
		{CF24FC51-45ED-4864-81EA-B2F0827261B5}.Release|Any CPU.Build.0 = Release|Any CPU
		{36592F81-95F5-4DEF-941E-6AA8F8EB7675}.Debug|Any CPU.ActiveCfg = Debug|Any CPU
		{36592F81-95F5-4DEF-941E-6AA8F8EB7675}.Debug|Any CPU.Build.0 = Debug|Any CPU
		{36592F81-95F5-4DEF-941E-6AA8F8EB7675}.Release|Any CPU.ActiveCfg = Release|Any CPU
		{36592F81-95F5-4DEF-941E-6AA8F8EB7675}.Release|Any CPU.Build.0 = Release|Any CPU
		{2079DA4E-990A-4BB0-85B1-334950B4722F}.Debug|Any CPU.ActiveCfg = Debug|Any CPU
		{2079DA4E-990A-4BB0-85B1-334950B4722F}.Debug|Any CPU.Build.0 = Debug|Any CPU
		{2079DA4E-990A-4BB0-85B1-334950B4722F}.Release|Any CPU.ActiveCfg = Release|Any CPU
		{2079DA4E-990A-4BB0-85B1-334950B4722F}.Release|Any CPU.Build.0 = Release|Any CPU
		{9D5ABE1F-8696-4220-AC84-31B9D9652A47}.Debug|Any CPU.ActiveCfg = Debug|Any CPU
		{9D5ABE1F-8696-4220-AC84-31B9D9652A47}.Debug|Any CPU.Build.0 = Debug|Any CPU
		{9D5ABE1F-8696-4220-AC84-31B9D9652A47}.Release|Any CPU.ActiveCfg = Release|Any CPU
		{9D5ABE1F-8696-4220-AC84-31B9D9652A47}.Release|Any CPU.Build.0 = Release|Any CPU
		{C8777646-9AAA-496F-91B2-432AE8AD1445}.Debug|Any CPU.ActiveCfg = Debug|Any CPU
		{C8777646-9AAA-496F-91B2-432AE8AD1445}.Debug|Any CPU.Build.0 = Debug|Any CPU
		{C8777646-9AAA-496F-91B2-432AE8AD1445}.Release|Any CPU.ActiveCfg = Release|Any CPU
		{C8777646-9AAA-496F-91B2-432AE8AD1445}.Release|Any CPU.Build.0 = Release|Any CPU
		{35892A63-9B77-4163-BB68-D8591918DD0F}.Debug|Any CPU.ActiveCfg = Debug|Any CPU
		{35892A63-9B77-4163-BB68-D8591918DD0F}.Debug|Any CPU.Build.0 = Debug|Any CPU
		{35892A63-9B77-4163-BB68-D8591918DD0F}.Release|Any CPU.ActiveCfg = Release|Any CPU
		{35892A63-9B77-4163-BB68-D8591918DD0F}.Release|Any CPU.Build.0 = Release|Any CPU
		{C426E448-B0A7-4F39-81ED-379BDC597820}.Debug|Any CPU.ActiveCfg = Debug|Any CPU
		{C426E448-B0A7-4F39-81ED-379BDC597820}.Debug|Any CPU.Build.0 = Debug|Any CPU
		{C426E448-B0A7-4F39-81ED-379BDC597820}.Release|Any CPU.ActiveCfg = Release|Any CPU
		{C426E448-B0A7-4F39-81ED-379BDC597820}.Release|Any CPU.Build.0 = Release|Any CPU
		{E8FACECB-4463-429F-8DAD-97B58C8C2194}.Debug|Any CPU.ActiveCfg = Debug|Any CPU
		{E8FACECB-4463-429F-8DAD-97B58C8C2194}.Debug|Any CPU.Build.0 = Debug|Any CPU
		{E8FACECB-4463-429F-8DAD-97B58C8C2194}.Release|Any CPU.ActiveCfg = Release|Any CPU
		{E8FACECB-4463-429F-8DAD-97B58C8C2194}.Release|Any CPU.Build.0 = Release|Any CPU
		{B902B585-D47E-4EBF-9612-53A730C3D975}.Debug|Any CPU.ActiveCfg = Debug|Any CPU
		{B902B585-D47E-4EBF-9612-53A730C3D975}.Debug|Any CPU.Build.0 = Debug|Any CPU
		{B902B585-D47E-4EBF-9612-53A730C3D975}.Release|Any CPU.ActiveCfg = Release|Any CPU
		{B902B585-D47E-4EBF-9612-53A730C3D975}.Release|Any CPU.Build.0 = Release|Any CPU
		{0EA43E4E-E433-4CD0-8508-4362BF846F94}.Debug|Any CPU.ActiveCfg = Debug|Any CPU
		{0EA43E4E-E433-4CD0-8508-4362BF846F94}.Debug|Any CPU.Build.0 = Debug|Any CPU
		{0EA43E4E-E433-4CD0-8508-4362BF846F94}.Release|Any CPU.ActiveCfg = Release|Any CPU
		{0EA43E4E-E433-4CD0-8508-4362BF846F94}.Release|Any CPU.Build.0 = Release|Any CPU
		{3BD73EA2-D9A1-4479-9397-DC9FD5EA1814}.Debug|Any CPU.ActiveCfg = Debug|Any CPU
		{3BD73EA2-D9A1-4479-9397-DC9FD5EA1814}.Debug|Any CPU.Build.0 = Debug|Any CPU
		{3BD73EA2-D9A1-4479-9397-DC9FD5EA1814}.Release|Any CPU.ActiveCfg = Release|Any CPU
		{3BD73EA2-D9A1-4479-9397-DC9FD5EA1814}.Release|Any CPU.Build.0 = Release|Any CPU
		{77CF8E9D-086D-3020-899F-DE2D4A8B5E4B}.Debug|Any CPU.ActiveCfg = Debug|Any CPU
		{77CF8E9D-086D-3020-899F-DE2D4A8B5E4B}.Debug|Any CPU.Build.0 = Debug|Any CPU
		{77CF8E9D-086D-3020-899F-DE2D4A8B5E4B}.Release|Any CPU.ActiveCfg = Release|Any CPU
		{77CF8E9D-086D-3020-899F-DE2D4A8B5E4B}.Release|Any CPU.Build.0 = Release|Any CPU
		{902CF3DF-771B-A984-1534-18AC4244F36D}.Debug|Any CPU.ActiveCfg = Debug|Any CPU
		{902CF3DF-771B-A984-1534-18AC4244F36D}.Debug|Any CPU.Build.0 = Debug|Any CPU
		{902CF3DF-771B-A984-1534-18AC4244F36D}.Release|Any CPU.ActiveCfg = Release|Any CPU
		{902CF3DF-771B-A984-1534-18AC4244F36D}.Release|Any CPU.Build.0 = Release|Any CPU
	EndGlobalSection
	GlobalSection(SolutionProperties) = preSolution
		HideSolutionNode = FALSE
	EndGlobalSection
	GlobalSection(NestedProjects) = preSolution
		{E98B0A74-5D14-433A-B71B-DD6AA1F623DC} = {8B1B879E-5692-4B6B-979A-42E0D2C1BD29}
		{F701BC38-B2AD-44D2-8A4E-3D749D07A56E} = {8B1B879E-5692-4B6B-979A-42E0D2C1BD29}
		{2079DA4E-990A-4BB0-85B1-334950B4722F} = {8B1B879E-5692-4B6B-979A-42E0D2C1BD29}
		{9D5ABE1F-8696-4220-AC84-31B9D9652A47} = {F701BC38-B2AD-44D2-8A4E-3D749D07A56E}
		{C8777646-9AAA-496F-91B2-432AE8AD1445} = {E98B0A74-5D14-433A-B71B-DD6AA1F623DC}
		{35892A63-9B77-4163-BB68-D8591918DD0F} = {E98B0A74-5D14-433A-B71B-DD6AA1F623DC}
		{C426E448-B0A7-4F39-81ED-379BDC597820} = {E98B0A74-5D14-433A-B71B-DD6AA1F623DC}
		{E8FACECB-4463-429F-8DAD-97B58C8C2194} = {E98B0A74-5D14-433A-B71B-DD6AA1F623DC}
		{B902B585-D47E-4EBF-9612-53A730C3D975} = {E98B0A74-5D14-433A-B71B-DD6AA1F623DC}
		{3BD73EA2-D9A1-4479-9397-DC9FD5EA1814} = {E98B0A74-5D14-433A-B71B-DD6AA1F623DC}
		{902CF3DF-771B-A984-1534-18AC4244F36D} = {E98B0A74-5D14-433A-B71B-DD6AA1F623DC}
	EndGlobalSection
	GlobalSection(ExtensibilityGlobals) = postSolution
		SolutionGuid = {A909A0B3-E6EC-4825-98D8-E36088C6B9CB}
	EndGlobalSection
EndGlobal
